github.com/gsmlg-dev/gsmlg-golang v1.4.1 h1:kAng8w1GLPKVemf8X3982TN4oKQ863rUSz1Q5Il6Ygw=
github.com/gsmlg-dev/gsmlg-golang v1.4.1/go.mod h1:1liXCkfnvAYF08ScivKG0+VXWc93g3SqV05hJGW1Pdw=
github.com/libdns/libdns v0.2.1 h1:Wu59T7wSHRgtA0cfxC+n1c/e+O3upJGWytknkmFEDis=
github.com/libdns/libdns v0.2.1/go.mod h1:yQCXzk1lEZmmCPa857bnk4TsOiqYasqpyOEeSObbb40=
